lockfileVersion: '9.0'

settings:
  autoInstallPeers: true
  excludeLinksFromLockfile: false

importers:

  .:
    dependencies:
      '@uswds/uswds':
        specifier: 3.14.0
        version: 3.14.0
      next:
        specifier: 16.3.5
        version: 16.3.5(react-dom@19.3.0(react@19.3.0))(react@19.3.0)(sass@1.104.1)
      react:
        specifier: 19.3.0
        version: 19.3.0
      react-dom:
        specifier: 19.3.0
        version: 19.3.0(react@19.3.0)
    devDependencies:
      sass:
        specifier: 1.104.1
        version: 1.104.1

packages:

  '@emnapi/runtime@1.11.3':
    resolution: {integrity: sha512-Xz4Tpyki7XyrpbUK1jR1AhdAdaXyhhY4lZ3neLodmhpuWfy2PAQN5B46sAiU4liOXGLkHypn/qU+jvfWSCYYLA==}

  '@img/colour@1.1.0':
    resolution: {integrity: sha512-Td76q7j57o/tLVdgS746cYARfSyxk8iEfRxewL9h4OMzYhbW4TAcppl0mT4eyqXddh6L/jwoM75mo7ixa/pCeQ==}
    engines: {node: '>=18'}

  '@img/sharp-darwin-arm64@0.35.5':
    resolution: {integrity: sha512-QRUlFQ0WxvdWyqqG/WtI3iupfD5rBzmCHXSdPsY91sAtVtTo7Q4cb6zOccZ3gqEqkr0f1As1ehLqmEpDsRf+lg==}
    engines: {node: '>=20.9.0'}
    cpu: [arm64]
    os: [darwin]

  '@img/sharp-darwin-x64@0.35.5':
    resolution: {integrity: sha512-+BR255RhDlpygUpOc/Jdt1nT6DQ3XG/ERo5wbcdOf5Q320dKtPCKPLR1LJs9VGXRaMa8l1uUa0tkCNOXiAxZUw==}
    engines: {node: '>=20.9.0'}
    cpu: [x64]
    os: [darwin]

  '@img/sharp-freebsd-wasm32@0.35.5':
    resolution: {integrity: sha512-Y/z91nEZ4uIBX5X3nfTovjU9lHNKFYbL2lpHCLVNmXQK03VIZvXBBt0KxbPGp2SdGSF+2mQU4e+hQaWOt86iAw==}
    engines: {node: '>=20.9.0'}
    os: [freebsd]

  '@img/sharp-libvips-darwin-arm64@1.3.4':
    resolution: {integrity: sha512-5R89nBYiRdUlSWJxPhO+GVtaXzXSxKnRu/xqMn3KTA3L9EB9Oy/P+Nn2f2vlhPuUdy/Zusb2DarbyTpGCfEDuw==}
    cpu: [arm64]
    os: [darwin]

  '@img/sharp-libvips-darwin-x64@1.3.4':
    resolution: {integrity: sha512-iR2OKH80yi0U+dUplyh3/xdpFvps6YkCwsXenIJxqxR1v9o+xtKTGbS9H7cps+2Vxjc8B1j96p75NmTGjIhtpQ==}
    cpu: [x64]
    os: [darwin]

  '@img/sharp-libvips-linux-arm64@1.3.4':
    resolution: {integrity: sha512-Y3dgX/6lE2QhQb+Gxy0WZxfg9MEm/JBjamZpS2IklP7xIQoKN4hzAm7KcMVGtaVDt3neE9OKBC7vAfonA/Lr1A==}
    cpu: [arm64]
    os: [linux]
    libc: [glibc]

  '@img/sharp-libvips-linux-arm@1.3.4':
    resolution: {integrity: sha512-LmRtTsOHuvM2+wlO2Db37dx5MiZhB0FvSunciw48YjdOkZz9KAiRbm8ujeMOA1INqmei5NapFxYEK1D1ZSidmw==}
    cpu: [arm]
    os: [linux]
    libc: [glibc]

  '@img/sharp-libvips-linux-ppc64@1.3.4':
    resolution: {integrity: sha512-Le6boB8Tai0Nis+gIxIpKx68UDVVIqdR8Tin5Yf1z2LJJQLDJvCDRqRu+jC2qCoD+eIomonmOwB4smBRxfVpYQ==}
    cpu: [ppc64]
    os: [linux]
    libc: [glibc]

  '@img/sharp-libvips-linux-riscv64@1.3.4':
    resolution: {integrity: sha512-aHkkIEHPRdQEegJN20MLmGtxYD9R2wQr3Cwpddnu5+YKMt6Uzax7S9h5gpZTo8wyrGuZSlfQ63OevL5mTyOC7Q==}
    cpu: [riscv64]
    os: [linux]
    libc: [glibc]

  '@img/sharp-libvips-linux-s390x@1.3.4':
    resolution: {integrity: sha512-ra/mB6MikESDUO7Yg+Mi95bFBb9GsObURuhnOv3OqknjGe9sZrG8tCe9q0xSIGrtLgvgw0gKnFWcK4blSgQOuQ==}
    cpu: [s390x]
    os: [linux]
    libc: [glibc]

  '@img/sharp-libvips-linux-x64@1.3.4':
    resolution: {integrity: sha512-GJ//SSXbnwSDes02umB3nDJLFcQzw8a18V8fyhqr6tV515tOEMdImjjxj1AoafMRz56F3PHgftnj1QEKSU1zkw==}
    cpu: [x64]
    os: [linux]
    libc: [glibc]

  '@img/sharp-libvips-linuxmusl-arm64@1.3.4':
    resolution: {integrity: sha512-hvulFwtjUcagsis6BBxHwGFwWoNZjgYmULGVrZcyfNbjA8hKILbRxGg15/7w5HDyXHXUos/j6baAWqnCyQ2DWA==}
    cpu: [arm64]
    os: [linux]
    libc: [musl]

  '@img/sharp-libvips-linuxmusl-x64@1.3.4':
    resolution: {integrity: sha512-6zXKeE/p39I1AmA3cJG35eyBGNqNddLnUXjhwBnsGjFPWqf5VKkDBEqaEkPDoTEtkxwi2vv8Tcr2mDyP4So7Fg==}
    cpu: [x64]
    os: [linux]
    libc: [musl]

  '@img/sharp-linux-arm64@0.35.5':
    resolution: {integrity: sha512-LYVx5JTsOM2CBzmxreh+nl64/3H6Xb09iSLknqH47z2T2DFFxDeFLP5y4dJwe6H7uGQlHPyEEtIqyo3DYsRwdQ==}
    engines: {node: '>=20.9.0'}
    cpu: [arm64]
    os: [linux]
    libc: [glibc]

  '@img/sharp-linux-arm@0.35.5':
    resolution: {integrity: sha512-LEaXK2WdXVK5ykcw0buWyPMsmLLL2vpHLD6yrNSW+JGEL3BZPA4tpKN6iaMc4AxTTAoaX/sU1rOL51lcIz48ZQ==}
    engines: {node: '>=20.9.0'}
    cpu: [arm]
    os: [linux]
    libc: [glibc]

  '@img/sharp-linux-ppc64@0.35.5':
    resolution: {integrity: sha512-QVxAAq8evVRI9ia2vqgwrmWucn5Dfv+JdWzj75pD8omHLPSP7f8p20O8jxzjCcuCEQEOtYOZUmX1hkiZ0kdevA==}
    engines: {node: '>=20.9.0'}
    cpu: [ppc64]
    os: [linux]
    libc: [glibc]

  '@img/sharp-linux-riscv64@0.35.5':
    resolution: {integrity: sha512-LtdreXguaavKODPIfzJ4kffx7UNt1omwtK0rch4EBbbSTXPnxWmYSayXdLJw0fJzQ97kHt1gL/yh4tvU+nCyRQ==}
    engines: {node: '>=20.9.0'}
    cpu: [riscv64]
    os: [linux]
    libc: [glibc]

  '@img/sharp-linux-s390x@0.35.5':
    resolution: {integrity: sha512-UZasTOFiYzotTsGOCu42BfUzP6Tu6Do/947iRm1RsLKvlllxwGcn4RN27LibGWceix4Y+Pmw3jsnTcCQIgWjqA==}
    engines: {node: '>=20.9.0'}
    cpu: [s390x]
    os: [linux]
    libc: [glibc]

  '@img/sharp-linux-x64@0.35.5':
    resolution: {integrity: sha512-SxFtLTeJInhAA9Q836kux2vZNeOBQEx658qvbboZScr0wIARym3IcGmW7KpVD5sbVg0Ojy+udFQdayYIZyoNog==}
    engines: {node: '>=20.9.0'}
    cpu: [x64]
    os: [linux]
    libc: [glibc]

  '@img/sharp-linuxmusl-arm64@0.35.5':
    resolution: {integrity: sha512-9HbMclmI1zlNkFRs3z9/eBtDjfD0sGlrX1z6b1qwmiFY5ElDLh4BC0LPBdVp7z1DXFiKlIcznf+ZlsuZzLxQqg==}
    engines: {node: '>=20.9.0'}
    cpu: [arm64]
    os: [linux]
    libc: [musl]

  '@img/sharp-linuxmusl-x64@0.35.5':
    resolution: {integrity: sha512-4KOphqB035HrVdqLZfCgMzzERrQkkzOwRhl4OAkRO1YCldbaFjySXMaK534Mo0V+LndnlJk+sbUyLeU0ULyD1A==}
    engines: {node: '>=20.9.0'}
    cpu: [x64]
    os: [linux]
    libc: [musl]

  '@img/sharp-wasm32@0.35.5':
    resolution: {integrity: sha512-Ptsga1su4tQx+LLF1ECS9U6nz5kmrXKo6XVbtR48Ke3ZRxxgaWBu7IDtEe1quo8hiupwm6WFqxVlXaSf7IINGQ==}
    engines: {node: '>=20.9.0'}

  '@img/sharp-webcontainers-wasm32@0.35.5':
    resolution: {integrity: sha512-hfhF/FmoQyTUkA0bIKFOtw536BQSeBMe6BF6QyWlrPxT754+TFLaZ7sKKTfvvM0yJgKgaYTwnFCIZ/GuDw5SUA==}
    engines: {node: '>=20.9.0'}
    cpu: [wasm32]

  '@img/sharp-win32-arm64@0.35.5':
    resolution: {integrity: sha512-X4t7g+7ZA5DKblCBEXGjUqqemj4vczING/5viFwAL8h4N3qYeyjwdCvRLHi4EdOUI+2Z7UFlp1VM+p/AuEtm6Q==}
    engines: {node: '>=20.9.0'}
    cpu: [arm64]
    os: [win32]

  '@img/sharp-win32-ia32@0.35.5':
    resolution: {integrity: sha512-5Zm82LoBc43nhwNybZlG7Y1KO//Zhsn306fQl29ZOuStHLGTo3BWL83q3cznX0poxSAMuYL1On/BHBxkBeKr6A==}
    engines: {node: ^20.9.0}
    cpu: [ia32]
    os: [win32]

  '@img/sharp-win32-x64@0.35.5':
    resolution: {integrity: sha512-x76eH0vEiHlcMQu8Y8IenntaACtddpT6W0wmXtWrnKcnKI7ME5DdgqhAD6SEWOEl1v2zDvkZDhFA9KnURwpfqg==}
    engines: {node: '>=20.9.0'}
    cpu: [x64]
    os: [win32]

  '@lit-labs/ssr-dom-shim@1.6.0':
    resolution: {integrity: sha512-VHb0ALPMTlgKjM6yIxxoQNnpKyUKLD04VzeQdsiXkMqkvYlAHxq9glGLmgbb889/1GsohSOAjvQYoiBppXFqrQ==}

  '@lit/reactive-element@2.1.2':
    resolution: {integrity: sha512-pbCDiVMnne1lYUIaYNN5wrwQXDtHaYtg7YEFPeW+hws6U47WeFvISGUWekPGKWOP1ygrs0ef0o1VJMk1exos5A==}

  '@next/env@16.3.5':
    resolution: {integrity: sha512-NWEXVDMqoEo0ktmU6u0sE2Vg0LOcsD7NnOTJNo3/fEaTfsg+F1bMIxuDmQbda4e3yTIQwVdUREF2yIuMOusKtg==}

  '@next/swc-darwin-arm64@16.3.5':
    resolution: {integrity: sha512-pMmGgETfKvElucLHtVaeiMRbp2zUbvKx7b1yGko0liBz3cw1mKSggWN/Rp/wPz8z+E1O82u3r4L1Co+ZS5hokQ==}
    engines: {node: '>= 10'}
    cpu: [arm64]
    os: [darwin]

  '@next/swc-darwin-x64@16.3.5':
    resolution: {integrity: sha512-76VaGYvf6HPa5/w12yLkE3dXTn9AfdEviI79oEL3aZoAmRLc9rWitjWqyjViVysK/ht/y9YKzFkBrUdi/wGkow==}
    engines: {node: '>= 10'}
    cpu: [x64]
    os: [darwin]

  '@next/swc-linux-arm64-gnu@16.3.5':
    resolution: {integrity: sha512-zKDELJ5jSQMHeO/hmXUQsAzagX4bQD4OiMi3pQ5FbUj+yK506oLVHnKA2YXMlbg1EHHqJYtyePOgByIDXD1lqw==}
    engines: {node: '>= 10'}
    cpu: [arm64]
    os: [linux]
    libc: [glibc]

  '@next/swc-linux-arm64-musl@16.3.5':
    resolution: {integrity: sha512-7Vql0pgzCoHagv6+FNOZoqmJqA52c6zeVbhtS/47qFozO1MSx4ms7x7GHiciY8R5CDsSMKMQjJEryoJLcsBIbA==}
    engines: {node: '>= 10'}
    cpu: [arm64]
    os: [linux]
    libc: [musl]

  '@next/swc-linux-x64-gnu@16.3.5':
    resolution: {integrity: sha512-NH/xzehyHEFWE2nlcZon7TB/0+H4shfWCi7S1zka815XCOhJDYZhoeJtOYy0dh0WVRWACVXSyGNFFytoMxUhRg==}
    engines: {node: '>= 10'}
    cpu: [x64]
    os: [linux]
    libc: [glibc]

  '@next/swc-linux-x64-musl@16.3.5':
    resolution: {integrity: sha512-lV4+EhWMfS8jcC+EH2nn/Cm5cn6XsgbE07bU9tMH8fCo0tNAqhyzi1b5wQ/Tn6NGFTvKDY65w3ZH95EjwBRAnQ==}
    engines: {node: '>= 10'}
    cpu: [x64]
    os: [linux]
    libc: [musl]

  '@next/swc-win32-arm64-msvc@16.3.5':
    resolution: {integrity: sha512-/wKzAREX2RF++MhicjDbg8tGn2AiBIM0+EFeTFKoUEUbW5D6amCJehd5Z5G1H5/gxNdgnwoXMcHz24H/c2tGkQ==}
    engines: {node: '>= 10'}
    cpu: [arm64]
    os: [win32]

  '@next/swc-win32-x64-msvc@16.3.5':
    resolution: {integrity: sha512-LNdCHzgLFc+UeqMS84LzXPaeBRKyqDN9OMyFAr1OrB0XrNw78IRrEVtZvvA7245W/HsaoeVOQX9jPjPk8jojwA==}
    engines: {node: '>= 10'}
    cpu: [x64]
    os: [win32]

  '@parcel/watcher-android-arm64@2.6.0':
    resolution: {integrity: sha512-trgpLSCKRC/huFjXX/Smh+0sWe4+YtKfktIToiMl59ghz7z+qkH6kMvNnUbLyRs9N11t8l4svSCs1+5B3rOAhA==}
    engines: {node: '>= 10.0.0'}
    cpu: [arm64]
    os: [android]

  '@parcel/watcher-darwin-arm64@2.6.0':
    resolution: {integrity: sha512-Y3QV0gl7Q1zbfueunkWIERICbEojQFCgpyG7YqOGNFLsckXyI1xu9mAIUpKY9QBYzBtSkN8dBPwd3yiAO9ovMw==}
    engines: {node: '>= 10.0.0'}
    cpu: [arm64]
    os: [darwin]

  '@parcel/watcher-darwin-x64@2.6.0':
    resolution: {integrity: sha512-Ohv6OpzhUfKYD7Beb8kDvG0jbIxORCYY1JRdZnaBtnjjkJxgD7ZVL0nw2sCYd0yTMKTvz3nnTnOF3cDifK+kvw==}
    engines: {node: '>= 10.0.0'}
    cpu: [x64]
    os: [darwin]

  '@parcel/watcher-freebsd-x64@2.6.0':
    resolution: {integrity: sha512-5HmXvDgs8VK+74jF9y9/2FE3/OnlcKmc56tjmSrEuZjpSZOGL+fvAu+HKJBdPs9uwoP2hE6TlSUpXZ/C5jUFmQ==}
    engines: {node: '>= 10.0.0'}
    cpu: [x64]
    os: [freebsd]

  '@parcel/watcher-linux-arm-glibc@2.6.0':
    resolution: {integrity: sha512-Ps/hui3A+vMbjdqlqAowK2ZL8+BO8dBjxeWXj6npTBs3jx4wWmbPpaLuqwrQrSqIVMCnpWo238bJ1U37GhQOYg==}
    engines: {node: '>= 10.0.0'}
    cpu: [arm]
    os: [linux]
    libc: [glibc]

  '@parcel/watcher-linux-arm-musl@2.6.0':
    resolution: {integrity: sha512-9c6AUHgHoG+IY88MRIHupztQiQnrbqHYQjkM2btA+Bf/wQnQMuiD0Wfk1EVv3TlNT3x41uU71rn6E4xh/+zvkw==}
    engines: {node: '>= 10.0.0'}
    cpu: [arm]
    os: [linux]
    libc: [musl]

  '@parcel/watcher-linux-arm64-glibc@2.6.0':
    resolution: {integrity: sha512-yHRqS2owEXe6Hic9z6Mh1ECsCd+ODVOGvZDyciqRd21+v+o+DnXMOrw50DSpIG2sb8GPEaPPmfeCAWKPJdq46g==}
    engines: {node: '>= 10.0.0'}
    cpu: [arm64]
    os: [linux]
    libc: [glibc]

  '@parcel/watcher-linux-arm64-musl@2.6.0':
    resolution: {integrity: sha512-WhB2e/V7rqdHHWZusBSPuy5Ei8S6lSz6FE5TKKQz5h3a0O+C+mhY7vxU9b/stqvMb8beLnPY82ZrFTLKs+SrKA==}
    engines: {node: '>= 10.0.0'}
    cpu: [arm64]
    os: [linux]
    libc: [musl]

  '@parcel/watcher-linux-x64-glibc@2.6.0':
    resolution: {integrity: sha512-ulGE6x6Oz6iAwg75T8YQSoguBWasniIbX+QWpaYPcCnDOpdWX3k+4xbEYPZVLxOuoJI+svJJPD3sEj8G7lrQ3A==}
    engines: {node: '>= 10.0.0'}
    cpu: [x64]
    os: [linux]
    libc: [glibc]

  '@parcel/watcher-linux-x64-musl@2.6.0':
    resolution: {integrity: sha512-tkBYKt7YQrjIJWYDnto2YgO8MRkjlMTSNoRHzsXinBqbLdeOM3L32wPZJvIZxqaLMfSlS/4sUjH/6STVP/XDLw==}
    engines: {node: '>= 10.0.0'}
    cpu: [x64]
    os: [linux]
    libc: [musl]

  '@parcel/watcher-win32-arm64@2.6.0':
    resolution: {integrity: sha512-gIZAP23jaHjGWasY/TY6yL7NHFClf0Ga7FN+iINvk+KN94rhm94lYZhFsbYFNcA04/onvGD9kKmiJLJB2HbNwQ==}
    engines: {node: '>= 10.0.0'}
    cpu: [arm64]
    os: [win32]

  '@parcel/watcher-win32-x64@2.6.0':
    resolution: {integrity: sha512-cA+/pXV2YkfxlIcXOQ5fSWqAzzPyD78/x5qbK/I0vUkrlYHA8TIz+MXjAbGouguKVSI4bOmkTSJ1/poVSsgt+A==}
    engines: {node: '>= 10.0.0'}
    cpu: [x64]
    os: [win32]

  '@parcel/watcher@2.6.0':
    resolution: {integrity: sha512-7FNeNl8NCE7aINx7WXiKQrPYZWC/hvrTsmk6zmxbI7LTXE7hVek/n8AfVgpe2y82zl3w0HvCHN0bVKMBoJcC0w==}
    engines: {node: '>= 10.0.0'}

  '@swc/helpers@0.5.23':
    resolution: {integrity: sha512-5lSsMOTXURePglDfvuAQUqkGek9Hg2kksOYay2m0+XR++b2NWYL/4sWyuvVBIs8oKnJaxkdi9whaL/sqN13afw==}

  '@types/trusted-types@2.0.7':
    resolution: {integrity: sha512-ScaPdn1dQczgbl0QFTeTOmVHFULt394XJgOQNoyVhZ6r2vLnMLJfBPd53SB52T/3G36VI1/g2MZaX0cwDuXsfw==}

  '@uswds/uswds@3.14.0':
    resolution: {integrity: sha512-kwZ50TqGszxj3+MQhm+c84hI0y8rIKoc7ZLKbuHg+8rTkFisp9lXOMRD2wclyyuYZahpADxMvaPong7bwL7cew==}
    engines: {node: '>=20'}

  baseline-browser-mapping@2.11.26:
    resolution: {integrity: sha512-GLQdD3y6UF8iVuMJl5fHgE4jdn/ua7n+toKfLgNlg3BqQtOZjpy68T8Tup8/wGWZCDlm7KMg7tPb4MPn7oN0TQ==}
    engines: {node: '>=6.0.0'}
    hasBin: true

  caniuse-lite@1.0.30001813:
    resolution: {integrity: sha512-zfjJo4rM0+fUomGDBW/xcDjhIwz/210DGvip2MAMDZ8KHcRPnOHmEgHPZP0UHlZoxr8fYKVJOqcORhYQcG4FKQ==}

  chokidar@5.0.0:
    resolution: {integrity: sha512-TQMmc3w+5AxjpL8iIiwebF73dRDF4fBIieAqGn9RGCWaEVwQ6Fb2cGe31Yns0RRIzii5goJ1Y7xbMwo1TxMplw==}
    engines: {node: '>= 20.19.0'}

  client-only@0.0.1:
    resolution: {integrity: sha512-IV3Ou0jSMzZrd3pZ48nLkT9DA7Ag1pnPzaiQhpW7c3RbcqqzvzzVu+L8gfqMp/8IM2MQtSiqaCxrrcfu8I8rMA==}

  detect-libc@2.1.2:
    resolution: {integrity: sha512-Btj2BOOO83o3WyH59e8MgXsxEQVcarkUOpEYrubB0urwnN10yQ364rsiByU11nZlqWYZm05i/of7io4mzihBtQ==}
    engines: {node: '>=8'}

  immutable@5.1.9:
    resolution: {integrity: sha512-m8nVez3rwrgmWxtLMt1ZYXB2Lv7OKYn/disyxAlSDYAlKSlFoPPfIAmAM/M5xqL4m4C/wAPw7S2/CNaUii1Hxg==}

  is-extglob@2.1.1:
    resolution: {integrity: sha512-SbKbANkN603Vi4jEZv49LeVJMn4yGwsbzZworEoyEiutsN3nJYdbO36zfhGJ6QEDpOZIFkDtnq5JRxmvl3jsoQ==}
    engines: {node: '>=0.10.0'}

  is-glob@4.0.3:
    resolution: {integrity: sha512-xelSayHH36ZgE7ZWhli7pW34hNbNl8Ojv5KVmkJD4hBdD3th8Tfk9vYasLM+mXWOZhFkgZfxhLSnrwRr4elSSg==}
    engines: {node: '>=0.10.0'}

  lit-element@4.2.2:
    resolution: {integrity: sha512-aFKhNToWxoyhkNDmWZwEva2SlQia+jfG0fjIWV//YeTaWrVnOxD89dPKfigCUspXFmjzOEUQpOkejH5Ly6sG0w==}

  lit-html@3.3.3:
    resolution: {integrity: sha512-el8M6jK2o3RXBnrSHX3ZKrsN8zEV63pSExTO1wYJz7QndGYZ8353e2a5PPX+qHe2aGayfnchQmkAojaWAREOIA==}

  lit@3.3.3:
    resolution: {integrity: sha512-fycuvZg/hkpozL00lm1pEJH5nN/lr9ZXd6mJI2HSN4+Bzc+LDNdEApJ6HFbPkdFNHLvOplIIuJvxkS4XUxqirw==}

  nanoid@3.3.19:
    resolution: {integrity: sha512-Y2tUNy4ouw6tq5oDSKeQYGOyhkUBhNOcGV/02KC+6kd9eDGqdZd++mjMiIDilrBYvjEnCYvVtsuHCuP+okSfug==}
    engines: {node: ^10 || ^12 || ^13.7 || ^14 || >=15.0.1}
    hasBin: true

  next@16.3.5:
    resolution: {integrity: sha512-MdtsTgzyfCPRLC6uJ1mN8ao7lyJ4BB0U6Inhnx3gta1UcCIdHK3yxLG0E8OWQteWD8/Q0qb8A5o7wJaL8M9y2w==}
    engines: {node: '>=20.9.0'}
    hasBin: true
    peerDependencies:
      '@opentelemetry/api': ^1.1.0
      '@playwright/test': ^1.51.1
      babel-plugin-react-compiler: '*'
      react: ^18.2.0 || 19.0.0-rc-de68d2f4-20241204 || ^19.0.0
      react-dom: ^18.2.0 || 19.0.0-rc-de68d2f4-20241204 || ^19.0.0
      sass: ^1.3.0
    peerDependenciesMeta:
      '@opentelemetry/api':
        optional: true
      '@playwright/test':
        optional: true
      babel-plugin-react-compiler:
        optional: true
      sass:
        optional: true

  node-addon-api@7.1.1:
    resolution: {integrity: sha512-5m3bsyrjFWE1xf7nz7YXdN4udnVtXK6/Yfgn5qnahL6bCkf2yKt4k3nuTKAtT4r3IG8JNR2ncsIMdZuAzJjHQQ==}

  picocolors@1.1.1:
    resolution: {integrity: sha512-xceH2snhtb5M9liqDsmEw56le376mTZkEX/jEb/RxNFyegNul7eNslCXP9FDj/Lcu0X8KEyMceP2ntpaHrDEVA==}

  picomatch@4.0.7:
    resolution: {integrity: sha512-qcJu88Q2IWqJsDD529JKMdwGm/dvInW4HvQnRwiH9JtihJvzGOscDtHE3x1pBKeUOTysQ8kVmLnJ2kJu7yhcGA==}
    engines: {node: '>=12'}

  postcss@8.5.23:
    resolution: {integrity: sha512-g50586zr4bZmwFiTlflMu8E0bDTb5I5gertgwAKmsdUlTQIhZtunzUlD1WSzwcVWPoAVpsrA6vlfCD7oXvRwgg==}
    engines: {node: ^10 || ^12 || >=14}

  react-dom@19.3.0:
    resolution: {integrity: sha512-JDk8dgif51OjFoDE70+OT9ICyYr+69HlmihNwp1+Nsfbna3t5sIiCa9ZJktDmQ4/1b/rn26hIAR2uYXDMr5r0Q==}
    peerDependencies:
      react: ^19.3.0

  react@19.3.0:
    resolution: {integrity: sha512-E8LUcbtBWt20bbl2YoHfx4ZDBdxVTfOKtCZn9cDSJ4l6/nuoApcpIBcj47t2wZoVX8g2ZHuMHbiShgCR1T5Sog==}
    engines: {node: '>=0.10.0'}

  readdirp@5.1.1:
    resolution: {integrity: sha512-Kko+Y5XQ6fM+Ce3dq3m9YGxnacYZYl9cA1wZjaF3Vbry2L3i1qVg8+CAgNPsXRArPMUMCaOR7oa9Nqntc43JKA==}
    engines: {node: '>= 20.19.0'}

  sass@1.104.1:
    resolution: {integrity: sha512-yDA+1aIG3EHgN4V/BvuhCvu61FF6hEd4e+9DxikUm9U0CAGuvdIZ/UYy7qbOxjhbbWQraoyLlMuzdRGOSV5Bmw==}
    engines: {node: '>=20.19.0'}
    hasBin: true

  scheduler@0.28.0:
    resolution: {integrity: sha512-juorfCmIkIw8tT+p5BXSm6PJjQF/ycEYmKyzURCIt/RaZIhL+PulbQ9Yu2z1HdOJDdqDTlxA1+xKBmHXJsczAw==}

  semver@7.8.5:
    resolution: {integrity: sha512-Y7/KDsb8LjooZpwaqGyulO6DQlksgCncchHGk+sZIY4SBvUocMBEFH5Ur1fI4dV+Jvl0w6cjvucaIi40puRioA==}
    engines: {node: '>=10'}
    hasBin: true

  sharp@0.35.5:
    resolution: {integrity: sha512-Ywn4OnzGukp7CDMrp08RQ50YKmuwG47brZgIVPTvBaaAfQlRlygrRqSrxdCiL9M+LlzLBiJ68IR1QqvzHyjC7g==}
    engines: {node: '>=20.9.0'}
    peerDependencies:
      '@types/node': '*'
    peerDependenciesMeta:
      '@types/node':
        optional: true

  source-map-js@1.2.1:
    resolution: {integrity: sha512-UXWMKhLOwVKb728IUtQPXxfYU+usdybtUrK/8uGE8CQMvrhOpwvzDBwj0QhSL7MQc7vIsISBG8VQ8+IDQxpfQA==}
    engines: {node: '>=0.10.0'}

  styled-jsx@5.1.6:
    resolution: {integrity: sha512-qSVyDTeMotdvQYoHWLNGwRFJHC+i+ZvdBRYosOFgC+Wg1vx4frN2/RG/NA7SYqqvKNLf39P2LSRA2pu6n0XYZA==}
    engines: {node: '>= 12.0.0'}
    peerDependencies:
      '@babel/core': '*'
      babel-plugin-macros: '*'
      react: '>= 16.8.0 || 17.x.x || ^18.0.0-0 || ^19.0.0-0'
    peerDependenciesMeta:
      '@babel/core':
        optional: true
      babel-plugin-macros:
        optional: true

  tslib@2.8.1:
    resolution: {integrity: sha512-oJFu94HQb+KVduSUQL7wnpmqnfmLsOA/nAh6b6EH0wCEoK0/mPeXU6c3wKDV83MkOuHPRHtSXKKU99IBazS/2w==}

snapshots:

  '@emnapi/runtime@1.11.3':
    dependencies:
      tslib: 2.8.1
    optional: true

  '@img/colour@1.1.0':
    optional: true

  '@img/sharp-darwin-arm64@0.35.5':
    optionalDependencies:
      '@img/sharp-libvips-darwin-arm64': 1.3.4
    optional: true

  '@img/sharp-darwin-x64@0.35.5':
    optionalDependencies:
      '@img/sharp-libvips-darwin-x64': 1.3.4
    optional: true

  '@img/sharp-freebsd-wasm32@0.35.5':
    dependencies:
      '@img/sharp-wasm32': 0.35.5
    optional: true

  '@img/sharp-libvips-darwin-arm64@1.3.4':
    optional: true

  '@img/sharp-libvips-darwin-x64@1.3.4':
    optional: true

  '@img/sharp-libvips-linux-arm64@1.3.4':
    optional: true

  '@img/sharp-libvips-linux-arm@1.3.4':
    optional: true

  '@img/sharp-libvips-linux-ppc64@1.3.4':
    optional: true

  '@img/sharp-libvips-linux-riscv64@1.3.4':
    optional: true

  '@img/sharp-libvips-linux-s390x@1.3.4':
    optional: true

  '@img/sharp-libvips-linux-x64@1.3.4':
    optional: true

  '@img/sharp-libvips-linuxmusl-arm64@1.3.4':
    optional: true

  '@img/sharp-libvips-linuxmusl-x64@1.3.4':
    optional: true

  '@img/sharp-linux-arm64@0.35.5':
    optionalDependencies:
      '@img/sharp-libvips-linux-arm64': 1.3.4
    optional: true

  '@img/sharp-linux-arm@0.35.5':
    optionalDependencies:
      '@img/sharp-libvips-linux-arm': 1.3.4
    optional: true

  '@img/sharp-linux-ppc64@0.35.5':
    optionalDependencies:
      '@img/sharp-libvips-linux-ppc64': 1.3.4
    optional: true

  '@img/sharp-linux-riscv64@0.35.5':
    optionalDependencies:
      '@img/sharp-libvips-linux-riscv64': 1.3.4
    optional: true

  '@img/sharp-linux-s390x@0.35.5':
    optionalDependencies:
      '@img/sharp-libvips-linux-s390x': 1.3.4
    optional: true

  '@img/sharp-linux-x64@0.35.5':
    optionalDependencies:
      '@img/sharp-libvips-linux-x64': 1.3.4
    optional: true

  '@img/sharp-linuxmusl-arm64@0.35.5':
    optionalDependencies:
      '@img/sharp-libvips-linuxmusl-arm64': 1.3.4
    optional: true

  '@img/sharp-linuxmusl-x64@0.35.5':
    optionalDependencies:
      '@img/sharp-libvips-linuxmusl-x64': 1.3.4
    optional: true

  '@img/sharp-wasm32@0.35.5':
    dependencies:
      '@emnapi/runtime': 1.11.3
    optional: true

  '@img/sharp-webcontainers-wasm32@0.35.5':
    dependencies:
      '@img/sharp-wasm32': 0.35.5
    optional: true

  '@img/sharp-win32-arm64@0.35.5':
    optional: true

  '@img/sharp-win32-ia32@0.35.5':
    optional: true

  '@img/sharp-win32-x64@0.35.5':
    optional: true

  '@lit-labs/ssr-dom-shim@1.6.0': {}

  '@lit/reactive-element@2.1.2':
    dependencies:
      '@lit-labs/ssr-dom-shim': 1.6.0

  '@next/env@16.3.5': {}

  '@next/swc-darwin-arm64@16.3.5':
    optional: true

  '@next/swc-darwin-x64@16.3.5':
    optional: true

  '@next/swc-linux-arm64-gnu@16.3.5':
    optional: true

  '@next/swc-linux-arm64-musl@16.3.5':
    optional: true

  '@next/swc-linux-x64-gnu@16.3.5':
    optional: true

  '@next/swc-linux-x64-musl@16.3.5':
    optional: true

  '@next/swc-win32-arm64-msvc@16.3.5':
    optional: true

  '@next/swc-win32-x64-msvc@16.3.5':
    optional: true

  '@parcel/watcher-android-arm64@2.6.0':
    optional: true

  '@parcel/watcher-darwin-arm64@2.6.0':
    optional: true

  '@parcel/watcher-darwin-x64@2.6.0':
    optional: true

  '@parcel/watcher-freebsd-x64@2.6.0':
    optional: true

  '@parcel/watcher-linux-arm-glibc@2.6.0':
    optional: true

  '@parcel/watcher-linux-arm-musl@2.6.0':
    optional: true

  '@parcel/watcher-linux-arm64-glibc@2.6.0':
    optional: true

  '@parcel/watcher-linux-arm64-musl@2.6.0':
    optional: true

  '@parcel/watcher-linux-x64-glibc@2.6.0':
    optional: true

  '@parcel/watcher-linux-x64-musl@2.6.0':
    optional: true

  '@parcel/watcher-win32-arm64@2.6.0':
    optional: true

  '@parcel/watcher-win32-x64@2.6.0':
    optional: true

  '@parcel/watcher@2.6.0':
    dependencies:
      detect-libc: 2.1.2
      is-glob: 4.0.3
      node-addon-api: 7.1.1
      picomatch: 4.0.7
    optionalDependencies:
      '@parcel/watcher-android-arm64': 2.6.0
      '@parcel/watcher-darwin-arm64': 2.6.0
      '@parcel/watcher-darwin-x64': 2.6.0
      '@parcel/watcher-freebsd-x64': 2.6.0
      '@parcel/watcher-linux-arm-glibc': 2.6.0
      '@parcel/watcher-linux-arm-musl': 2.6.0
      '@parcel/watcher-linux-arm64-glibc': 2.6.0
      '@parcel/watcher-linux-arm64-musl': 2.6.0
      '@parcel/watcher-linux-x64-glibc': 2.6.0
      '@parcel/watcher-linux-x64-musl': 2.6.0
      '@parcel/watcher-win32-arm64': 2.6.0
      '@parcel/watcher-win32-x64': 2.6.0
    optional: true

  '@swc/helpers@0.5.23':
    dependencies:
      tslib: 2.8.1

  '@types/trusted-types@2.0.7': {}

  '@uswds/uswds@3.14.0':
    dependencies:
      lit: 3.3.3

  baseline-browser-mapping@2.11.26: {}

  caniuse-lite@1.0.30001813: {}

  chokidar@5.0.0:
    dependencies:
      readdirp: 5.1.1

  client-only@0.0.1: {}

  detect-libc@2.1.2:
    optional: true

  immutable@5.1.9: {}

  is-extglob@2.1.1:
    optional: true

  is-glob@4.0.3:
    dependencies:
      is-extglob: 2.1.1
    optional: true

  lit-element@4.2.2:
    dependencies:
      '@lit-labs/ssr-dom-shim': 1.6.0
      '@lit/reactive-element': 2.1.2
      lit-html: 3.3.3

  lit-html@3.3.3:
    dependencies:
      '@types/trusted-types': 2.0.7

  lit@3.3.3:
    dependencies:
      '@lit/reactive-element': 2.1.2
      lit-element: 4.2.2
      lit-html: 3.3.3

  nanoid@3.3.19: {}

  next@16.3.5(react-dom@19.3.0(react@19.3.0))(react@19.3.0)(sass@1.104.1):
    dependencies:
      '@next/env': 16.3.5
      '@swc/helpers': 0.5.23
      baseline-browser-mapping: 2.11.26
      caniuse-lite: 1.0.30001813
      postcss: 8.5.23
      react: 19.3.0
      react-dom: 19.3.0(react@19.3.0)
      styled-jsx: 5.1.6(react@19.3.0)
    optionalDependencies:
      '@next/swc-darwin-arm64': 16.3.5
      '@next/swc-darwin-x64': 16.3.5
      '@next/swc-linux-arm64-gnu': 16.3.5
      '@next/swc-linux-arm64-musl': 16.3.5
      '@next/swc-linux-x64-gnu': 16.3.5
      '@next/swc-linux-x64-musl': 16.3.5
      '@next/swc-win32-arm64-msvc': 16.3.5
      '@next/swc-win32-x64-msvc': 16.3.5
      sass: 1.104.1
      sharp: 0.35.5
    transitivePeerDependencies:
      - '@babel/core'
      - '@types/node'
      - babel-plugin-macros

  node-addon-api@7.1.1:
    optional: true

  picocolors@1.1.1: {}

  picomatch@4.0.7:
    optional: true

  postcss@8.5.23:
    dependencies:
      nanoid: 3.3.19
      picocolors: 1.1.1
      source-map-js: 1.2.1

  react-dom@19.3.0(react@19.3.0):
    dependencies:
      react: 19.3.0
      scheduler: 0.28.0

  react@19.3.0: {}

  readdirp@5.1.1: {}

  sass@1.104.1:
    dependencies:
      chokidar: 5.0.0
      immutable: 5.1.9
      source-map-js: 1.2.1
    optionalDependencies:
      '@parcel/watcher': 2.6.0

  scheduler@0.28.0: {}

  semver@7.8.5:
    optional: true

  sharp@0.35.5:
    dependencies:
      '@img/colour': 1.1.0
      detect-libc: 2.1.2
      semver: 7.8.5
    optionalDependencies:
      '@img/sharp-darwin-arm64': 0.35.5
      '@img/sharp-darwin-x64': 0.35.5
      '@img/sharp-freebsd-wasm32': 0.35.5
      '@img/sharp-libvips-darwin-arm64': 1.3.4
      '@img/sharp-libvips-darwin-x64': 1.3.4
      '@img/sharp-libvips-linux-arm': 1.3.4
      '@img/sharp-libvips-linux-arm64': 1.3.4
      '@img/sharp-libvips-linux-ppc64': 1.3.4
      '@img/sharp-libvips-linux-riscv64': 1.3.4
      '@img/sharp-libvips-linux-s390x': 1.3.4
      '@img/sharp-libvips-linux-x64': 1.3.4
      '@img/sharp-libvips-linuxmusl-arm64': 1.3.4
      '@img/sharp-libvips-linuxmusl-x64': 1.3.4
      '@img/sharp-linux-arm': 0.35.5
      '@img/sharp-linux-arm64': 0.35.5
      '@img/sharp-linux-ppc64': 0.35.5
      '@img/sharp-linux-riscv64': 0.35.5
      '@img/sharp-linux-s390x': 0.35.5
      '@img/sharp-linux-x64': 0.35.5
      '@img/sharp-linuxmusl-arm64': 0.35.5
      '@img/sharp-linuxmusl-x64': 0.35.5
      '@img/sharp-webcontainers-wasm32': 0.35.5
      '@img/sharp-win32-arm64': 0.35.5
      '@img/sharp-win32-ia32': 0.35.5
      '@img/sharp-win32-x64': 0.35.5
    optional: true

  source-map-js@1.2.1: {}

  styled-jsx@5.1.6(react@19.3.0):
    dependencies:
      client-only: 0.0.1
      react: 19.3.0

  tslib@2.8.1: {}
